
Microsoft Visual Studio Solution File, Format Version 12.00
# Visual Studio 14
VisualStudioVersion = 14.0.23107.0
MinimumVisualStudioVersion = 10.0.40219.1
Project("{FAE04EC0-301F-11D3-BF4B-00C04F79EFBC}") = "ConsoleApp", "ConsoleApp\ConsoleApp.csproj", "{4380B3F7-7731-4190-A978-2175F6FA48A5}"
EndProject
Project("{FAE04EC0-301F-11D3-BF4B-00C04F79EFBC}") = "BackTesting.Model", "BackTesting.Model\BackTesting.Model.csproj", "{7D064605-0729-433E-9EAD-FD4C91ED0F59}"
EndProject
Project("{FAE04EC0-301F-11D3-BF4B-00C04F79EFBC}") = "BackTesting.Tests", "BackTesting.Tests\BackTesting.Tests.csproj", "{FF37C8EC-0787-448E-A331-051F2DE62EB9}"
EndProject
Global
	GlobalSection(SolutionConfigurationPlatforms) = preSolution
		Debug|Any CPU = Debug|Any CPU
		Release|Any CPU = Release|Any CPU
	EndGlobalSection
	GlobalSection(ProjectConfigurationPlatforms) = postSolution
		{4380B3F7-7731-4190-A978-2175F6FA48A5}.Debug|Any CPU.ActiveCfg = Debug|Any CPU
		{4380B3F7-7731-4190-A978-2175F6FA48A5}.Debug|Any CPU.Build.0 = Debug|Any CPU
		{4380B3F7-7731-4190-A978-2175F6FA48A5}.Release|Any CPU.ActiveCfg = Release|Any CPU
		{4380B3F7-7731-4190-A978-2175F6FA48A5}.Release|Any CPU.Build.0 = Release|Any CPU
		{7D064605-0729-433E-9EAD-FD4C91ED0F59}.Debug|Any CPU.ActiveCfg = Debug|Any CPU
		{7D064605-0729-433E-9EAD-FD4C91ED0F59}.Debug|Any CPU.Build.0 = Debug|Any CPU
		{7D064605-0729-433E-9EAD-FD4C91ED0F59}.Release|Any CPU.ActiveCfg = Release|Any CPU
		{7D064605-0729-433E-9EAD-FD4C91ED0F59}.Release|Any CPU.Build.0 = Release|Any CPU
		{FF37C8EC-0787-448E-A331-051F2DE62EB9}.Debug|Any CPU.ActiveCfg = Debug|Any CPU
		{FF37C8EC-0787-448E-A331-051F2DE62EB9}.Debug|Any CPU.Build.0 = Debug|Any CPU
		{FF37C8EC-0787-448E-A331-051F2DE62EB9}.Release|Any CPU.ActiveCfg = Release|Any CPU
		{FF37C8EC-0787-448E-A331-051F2DE62EB9}.Release|Any CPU.Build.0 = Release|Any CPU
	EndGlobalSection
	GlobalSection(SolutionProperties) = preSolution
		HideSolutionNode = FALSE
	EndGlobalSection
EndGlobal
